
Microsoft Visual Studio Solution File, Format Version 12.00
# Visual Studio Version 17
VisualStudioVersion = 17.4.33403.182
MinimumVisualStudioVersion = 10.0.40219.1
Project("{FAE04EC0-301F-11D3-BF4B-00C04F79EFBC}") = "Drones", "Drones\Drones.csproj", "{4664571D-8F09-4358-9556-ECFAAD760FFB}"
EndProject
Global
	GlobalSection(SolutionConfigurationPlatforms) = preSolution
		Debug|Any CPU = Debug|Any CPU
		Release|Any CPU = Release|Any CPU
	EndGlobalSection
	GlobalSection(ProjectConfigurationPlatforms) = postSolution
		{4664571D-8F09-4358-9556-ECFAAD760FFB}.Debug|Any CPU.ActiveCfg = Debug|Any CPU
		{4664571D-8F09-4358-9556-ECFAAD760FFB}.Debug|Any CPU.Build.0 = Debug|Any CPU
		{4664571D-8F09-4358-9556-ECFAAD760FFB}.Release|Any CPU.ActiveCfg = Release|Any CPU
		{4664571D-8F09-4358-9556-ECFAAD760FFB}.Release|Any CPU.Build.0 = Release|Any CPU
	EndGlobalSection
	GlobalSection(SolutionProperties) = preSolution
		HideSolutionNode = FALSE
	EndGlobalSection
	GlobalSection(ExtensibilityGlobals) = postSolution
		SolutionGuid = {9B0D45AA-1084-404B-8D75-E4AB69092D4B}
	EndGlobalSection
EndGlobal
